
Microsoft Visual Studio Solution File, Format Version 12.00
# Visual Studio Version 17
VisualStudioVersion = 17.5.33530.505
MinimumVisualStudioVersion = 10.0.40219.1
Project("{FAE04EC0-301F-11D3-BF4B-00C04F79EFBC}") = "cSharpMission", "cSharpMission.csproj", "{21C4E758-45B8-428E-9A90-1244CFD86E2F}"
EndProject
Global
	GlobalSection(SolutionConfigurationPlatforms) = preSolution
		Debug|Any CPU = Debug|Any CPU
		Release|Any CPU = Release|Any CPU
	EndGlobalSection
	GlobalSection(ProjectConfigurationPlatforms) = postSolution
		{21C4E758-45B8-428E-9A90-1244CFD86E2F}.Debug|Any CPU.ActiveCfg = Debug|Any CPU
		{21C4E758-45B8-428E-9A90-1244CFD86E2F}.Debug|Any CPU.Build.0 = Debug|Any CPU
		{21C4E758-45B8-428E-9A90-1244CFD86E2F}.Release|Any CPU.ActiveCfg = Release|Any CPU
		{21C4E758-45B8-428E-9A90-1244CFD86E2F}.Release|Any CPU.Build.0 = Release|Any CPU
	EndGlobalSection
	GlobalSection(SolutionProperties) = preSolution
		HideSolutionNode = FALSE
	EndGlobalSection
	GlobalSection(ExtensibilityGlobals) = postSolution
		SolutionGuid = {D82A2D03-6507-482C-BFC3-618305862B89}
	EndGlobalSection
EndGlobal
